{
  "name": "ai-code-factory",
  "version": "5.4.0",
  "lockfileVersion": 3,
  "requires": true,
  "packages": {
    "": {
      "name": "ai-code-factory",
      "version": "5.4.0",
      "license": "MIT",
      "bin": {
        "ai-code-factory": "src/cli.js"
      },
      "engines": {
        "node": ">=20.0.0"
      }
    }
  }
}
